{
  "requires": true,
  "lockfileVersion": 1,
  "dependencies": {
    "markdown-it-container": {
      "version": "2.0.0",
      "resolved": "https://registry.npmjs.org/markdown-it-container/-/markdown-it-container-2.0.0.tgz",
      "integrity": "sha1-ABm0P9Au7+zi8ZYKKJX7qBpARpU="
    },
    "moment": {
      "version": "2.24.0",
      "resolved": "https://registry.npmjs.org/moment/-/moment-2.24.0.tgz",
      "integrity": "sha512-bV7f+6l2QigeBBZSM/6yTNq4P2fNpSWj/0e7jQcy87A8e7o2nAfP/34/2ky5Vw4B9S446EtIhodAzkFCcR4dQg=="
    },
    "vuepress-plugin-container": {
      "version": "2.0.2",
      "resolved": "https://registry.npmjs.org/vuepress-plugin-container/-/vuepress-plugin-container-2.0.2.tgz",
      "integrity": "sha512-SrGYYT7lkie7xlIlAVhn+9sDW42MytNCoxWL/2uDr+q9wZA4h1uYlQvfc2DVjy+FsM9PPPSslkeo/zCpYVY82g==",
      "requires": {
        "markdown-it-container": "^2.0.0"
      }
    }
  }
}
